
Microsoft Visual Studio Solution File, Format Version 12.00
# Visual Studio 15
VisualStudioVersion = 15.0.27130.2027
MinimumVisualStudioVersion = 10.0.40219.1
Project("{FAE04EC0-301F-11D3-BF4B-00C04F79EFBC}") = "TinderSupreme", "TinderSupreme\TinderSupreme.csproj", "{C1A206F4-C7FD-490C-8542-5C8D35E981AA}"
EndProject
Global
	GlobalSection(SolutionConfigurationPlatforms) = preSolution
		Debug|Any CPU = Debug|Any CPU
		Release|Any CPU = Release|Any CPU
	EndGlobalSection
	GlobalSection(ProjectConfigurationPlatforms) = postSolution
		{C1A206F4-C7FD-490C-8542-5C8D35E981AA}.Debug|Any CPU.ActiveCfg = Debug|Any CPU
		{C1A206F4-C7FD-490C-8542-5C8D35E981AA}.Debug|Any CPU.Build.0 = Debug|Any CPU
		{C1A206F4-C7FD-490C-8542-5C8D35E981AA}.Release|Any CPU.ActiveCfg = Release|Any CPU
		{C1A206F4-C7FD-490C-8542-5C8D35E981AA}.Release|Any CPU.Build.0 = Release|Any CPU
	EndGlobalSection
	GlobalSection(SolutionProperties) = preSolution
		HideSolutionNode = FALSE
	EndGlobalSection
	GlobalSection(ExtensibilityGlobals) = postSolution
		SolutionGuid = {7789292D-799F-44DF-A4E7-13DE5D5AB41F}
	EndGlobalSection
EndGlobal
